
Microsoft Visual Studio Solution File, Format Version 12.00
# Visual Studio Version 16
VisualStudioVersion = 16.0.31019.35
MinimumVisualStudioVersion = 10.0.40219.1
Project("{2150E333-8FDC-42A3-9474-1A3956D46DE8}") = "0 - Dominio", "0 - Dominio", "{6F500BF8-63E5-46EB-804A-5C903F8B7EEC}"
EndProject
Project("{2150E333-8FDC-42A3-9474-1A3956D46DE8}") = "1 - Infraestrutura", "1 - Infraestrutura", "{2BF54BA9-CCE9-48C9-8B67-5457D7CB533C}"
EndProject
Project("{2150E333-8FDC-42A3-9474-1A3956D46DE8}") = "2 - API", "2 - API", "{014B7DA0-5188-490D-82B6-46CC7968AEF4}"
EndProject
Project("{9A19103F-16F7-4668-BE54-9A1E7A4F7556}") = "Dominio", "Dominio\Dominio.csproj", "{E1E87DD8-D0E6-4FD3-8D0F-5F0126AFF90F}"
EndProject
Project("{9A19103F-16F7-4668-BE54-9A1E7A4F7556}") = "Infra", "Infra\Infra.csproj", "{F05FD437-E7DA-4F4A-A578-0279A3C0464F}"
EndProject
Project("{9A19103F-16F7-4668-BE54-9A1E7A4F7556}") = "API", "API\API.csproj", "{52EA962F-0E14-46F2-9369-3ACF391B5DB3}"
EndProject
Project("{2150E333-8FDC-42A3-9474-1A3956D46DE8}") = "Solution Items", "Solution Items", "{00415E9F-743B-43C6-A345-78C11A4CF325}"
	ProjectSection(SolutionItems) = preProject
		.editorconfig = .editorconfig
	EndProjectSection
EndProject
Project("{2150E333-8FDC-42A3-9474-1A3956D46DE8}") = "3 - Web", "3 - Web", "{6BF52DE6-5C88-4AB1-8A49-EF5DA0F2E6F1}"
EndProject
Project("{9A19103F-16F7-4668-BE54-9A1E7A4F7556}") = "AplicacaoWeb", "AplicacaoWeb\AplicacaoWeb.csproj", "{BA56FEAC-86EF-4E69-87FB-2309DF451E6B}"
EndProject
Global
	GlobalSection(SolutionConfigurationPlatforms) = preSolution
		Debug|Any CPU = Debug|Any CPU
		Release|Any CPU = Release|Any CPU
	EndGlobalSection
	GlobalSection(ProjectConfigurationPlatforms) = postSolution
		{E1E87DD8-D0E6-4FD3-8D0F-5F0126AFF90F}.Debug|Any CPU.ActiveCfg = Debug|Any CPU
		{E1E87DD8-D0E6-4FD3-8D0F-5F0126AFF90F}.Debug|Any CPU.Build.0 = Debug|Any CPU
		{E1E87DD8-D0E6-4FD3-8D0F-5F0126AFF90F}.Release|Any CPU.ActiveCfg = Release|Any CPU
		{E1E87DD8-D0E6-4FD3-8D0F-5F0126AFF90F}.Release|Any CPU.Build.0 = Release|Any CPU
		{F05FD437-E7DA-4F4A-A578-0279A3C0464F}.Debug|Any CPU.ActiveCfg = Debug|Any CPU
		{F05FD437-E7DA-4F4A-A578-0279A3C0464F}.Debug|Any CPU.Build.0 = Debug|Any CPU
		{F05FD437-E7DA-4F4A-A578-0279A3C0464F}.Release|Any CPU.ActiveCfg = Release|Any CPU
		{F05FD437-E7DA-4F4A-A578-0279A3C0464F}.Release|Any CPU.Build.0 = Release|Any CPU
		{52EA962F-0E14-46F2-9369-3ACF391B5DB3}.Debug|Any CPU.ActiveCfg = Debug|Any CPU
		{52EA962F-0E14-46F2-9369-3ACF391B5DB3}.Debug|Any CPU.Build.0 = Debug|Any CPU
		{52EA962F-0E14-46F2-9369-3ACF391B5DB3}.Release|Any CPU.ActiveCfg = Release|Any CPU
		{52EA962F-0E14-46F2-9369-3ACF391B5DB3}.Release|Any CPU.Build.0 = Release|Any CPU
		{BA56FEAC-86EF-4E69-87FB-2309DF451E6B}.Debug|Any CPU.ActiveCfg = Debug|Any CPU
		{BA56FEAC-86EF-4E69-87FB-2309DF451E6B}.Debug|Any CPU.Build.0 = Debug|Any CPU
		{BA56FEAC-86EF-4E69-87FB-2309DF451E6B}.Release|Any CPU.ActiveCfg = Release|Any CPU
		{BA56FEAC-86EF-4E69-87FB-2309DF451E6B}.Release|Any CPU.Build.0 = Release|Any CPU
	EndGlobalSection
	GlobalSection(SolutionProperties) = preSolution
		HideSolutionNode = FALSE
	EndGlobalSection
	GlobalSection(NestedProjects) = preSolution
		{E1E87DD8-D0E6-4FD3-8D0F-5F0126AFF90F} = {6F500BF8-63E5-46EB-804A-5C903F8B7EEC}
		{F05FD437-E7DA-4F4A-A578-0279A3C0464F} = {2BF54BA9-CCE9-48C9-8B67-5457D7CB533C}
		{52EA962F-0E14-46F2-9369-3ACF391B5DB3} = {014B7DA0-5188-490D-82B6-46CC7968AEF4}
		{BA56FEAC-86EF-4E69-87FB-2309DF451E6B} = {6BF52DE6-5C88-4AB1-8A49-EF5DA0F2E6F1}
	EndGlobalSection
	GlobalSection(ExtensibilityGlobals) = postSolution
		SolutionGuid = {D33E3EB2-96F5-497A-9CB1-6644947F36C2}
	EndGlobalSection
EndGlobal
